
Microsoft Visual Studio Solution File, Format Version 12.00
# Visual Studio Version 16
VisualStudioVersion = 16.0.31729.503
MinimumVisualStudioVersion = 10.0.40219.1
Project("{FAE04EC0-301F-11D3-BF4B-00C04F79EFBC}") = "Void", "Void.csproj", "{B43DE916-9DFB-4F0A-89AB-CD1ED2BE3D25}"
EndProject
Global
	GlobalSection(SolutionConfigurationPlatforms) = preSolution
		Debug|Any CPU = Debug|Any CPU
		Release|Any CPU = Release|Any CPU
	EndGlobalSection
	GlobalSection(ProjectConfigurationPlatforms) = postSolution
		{B43DE916-9DFB-4F0A-89AB-CD1ED2BE3D25}.Debug|Any CPU.ActiveCfg = Debug|Any CPU
		{B43DE916-9DFB-4F0A-89AB-CD1ED2BE3D25}.Debug|Any CPU.Build.0 = Debug|Any CPU
		{B43DE916-9DFB-4F0A-89AB-CD1ED2BE3D25}.Release|Any CPU.ActiveCfg = Release|Any CPU
		{B43DE916-9DFB-4F0A-89AB-CD1ED2BE3D25}.Release|Any CPU.Build.0 = Release|Any CPU
	EndGlobalSection
	GlobalSection(SolutionProperties) = preSolution
		HideSolutionNode = FALSE
	EndGlobalSection
	GlobalSection(ExtensibilityGlobals) = postSolution
		SolutionGuid = {E2EA35AA-3F9D-4E98-8466-6AA82D8659EB}
	EndGlobalSection
EndGlobal
