
Microsoft Visual Studio Solution File, Format Version 12.00
# Visual Studio Version 16
VisualStudioVersion = 16.0.31729.503
MinimumVisualStudioVersion = 10.0.40219.1
Project("{FAE04EC0-301F-11D3-BF4B-00C04F79EFBC}") = "Method3", "Method3.csproj", "{9844EC40-7FBF-4E92-8536-D7F94F2D1F86}"
EndProject
Global
	GlobalSection(SolutionConfigurationPlatforms) = preSolution
		Debug|Any CPU = Debug|Any CPU
		Release|Any CPU = Release|Any CPU
	EndGlobalSection
	GlobalSection(ProjectConfigurationPlatforms) = postSolution
		{9844EC40-7FBF-4E92-8536-D7F94F2D1F86}.Debug|Any CPU.ActiveCfg = Debug|Any CPU
		{9844EC40-7FBF-4E92-8536-D7F94F2D1F86}.Debug|Any CPU.Build.0 = Debug|Any CPU
		{9844EC40-7FBF-4E92-8536-D7F94F2D1F86}.Release|Any CPU.ActiveCfg = Release|Any CPU
		{9844EC40-7FBF-4E92-8536-D7F94F2D1F86}.Release|Any CPU.Build.0 = Release|Any CPU
	EndGlobalSection
	GlobalSection(SolutionProperties) = preSolution
		HideSolutionNode = FALSE
	EndGlobalSection
	GlobalSection(ExtensibilityGlobals) = postSolution
		SolutionGuid = {D049BD5C-2E44-4A98-9DD9-FBC49A3277EF}
	EndGlobalSection
EndGlobal
