
Microsoft Visual Studio Solution File, Format Version 12.00
# Visual Studio Version 16
VisualStudioVersion = 16.0.31729.503
MinimumVisualStudioVersion = 10.0.40219.1
Project("{FAE04EC0-301F-11D3-BF4B-00C04F79EFBC}") = "CONSOLEAPPsTRINGSINTEGERS", "CONSOLEAPPsTRINGSINTEGERS.csproj", "{67E8711D-5A46-433D-9ACD-D9184FA0F052}"
EndProject
Global
	GlobalSection(SolutionConfigurationPlatforms) = preSolution
		Debug|Any CPU = Debug|Any CPU
		Release|Any CPU = Release|Any CPU
	EndGlobalSection
	GlobalSection(ProjectConfigurationPlatforms) = postSolution
		{67E8711D-5A46-433D-9ACD-D9184FA0F052}.Debug|Any CPU.ActiveCfg = Debug|Any CPU
		{67E8711D-5A46-433D-9ACD-D9184FA0F052}.Debug|Any CPU.Build.0 = Debug|Any CPU
		{67E8711D-5A46-433D-9ACD-D9184FA0F052}.Release|Any CPU.ActiveCfg = Release|Any CPU
		{67E8711D-5A46-433D-9ACD-D9184FA0F052}.Release|Any CPU.Build.0 = Release|Any CPU
	EndGlobalSection
	GlobalSection(SolutionProperties) = preSolution
		HideSolutionNode = FALSE
	EndGlobalSection
	GlobalSection(ExtensibilityGlobals) = postSolution
		SolutionGuid = {909BB6DC-BE38-4C87-AB70-5FC17FF532AA}
	EndGlobalSection
EndGlobal
