
Microsoft Visual Studio Solution File, Format Version 12.00
# Visual Studio Version 16
VisualStudioVersion = 16.0.31729.503
MinimumVisualStudioVersion = 10.0.40219.1
Project("{FAE04EC0-301F-11D3-BF4B-00C04F79EFBC}") = "METHODSANDOBJECTS", "METHODSANDOBJECTS.csproj", "{E15F43B6-83D6-4205-8A93-93DEAEF17904}"
EndProject
Global
	GlobalSection(SolutionConfigurationPlatforms) = preSolution
		Debug|Any CPU = Debug|Any CPU
		Release|Any CPU = Release|Any CPU
	EndGlobalSection
	GlobalSection(ProjectConfigurationPlatforms) = postSolution
		{E15F43B6-83D6-4205-8A93-93DEAEF17904}.Debug|Any CPU.ActiveCfg = Debug|Any CPU
		{E15F43B6-83D6-4205-8A93-93DEAEF17904}.Debug|Any CPU.Build.0 = Debug|Any CPU
		{E15F43B6-83D6-4205-8A93-93DEAEF17904}.Release|Any CPU.ActiveCfg = Release|Any CPU
		{E15F43B6-83D6-4205-8A93-93DEAEF17904}.Release|Any CPU.Build.0 = Release|Any CPU
	EndGlobalSection
	GlobalSection(SolutionProperties) = preSolution
		HideSolutionNode = FALSE
	EndGlobalSection
	GlobalSection(ExtensibilityGlobals) = postSolution
		SolutionGuid = {8E01D27E-32EA-4803-B3D7-3C4C9B80C73D}
	EndGlobalSection
EndGlobal
