
Microsoft Visual Studio Solution File, Format Version 12.00
# Visual Studio Version 16
VisualStudioVersion = 16.0.31729.503
MinimumVisualStudioVersion = 10.0.40219.1
Project("{FAE04EC0-301F-11D3-BF4B-00C04F79EFBC}") = "FinalChal", "FinalChal.csproj", "{5CB95110-6E39-4027-A131-6AFCE9BD14AB}"
EndProject
Global
	GlobalSection(SolutionConfigurationPlatforms) = preSolution
		Debug|Any CPU = Debug|Any CPU
		Release|Any CPU = Release|Any CPU
	EndGlobalSection
	GlobalSection(ProjectConfigurationPlatforms) = postSolution
		{5CB95110-6E39-4027-A131-6AFCE9BD14AB}.Debug|Any CPU.ActiveCfg = Debug|Any CPU
		{5CB95110-6E39-4027-A131-6AFCE9BD14AB}.Debug|Any CPU.Build.0 = Debug|Any CPU
		{5CB95110-6E39-4027-A131-6AFCE9BD14AB}.Release|Any CPU.ActiveCfg = Release|Any CPU
		{5CB95110-6E39-4027-A131-6AFCE9BD14AB}.Release|Any CPU.Build.0 = Release|Any CPU
	EndGlobalSection
	GlobalSection(SolutionProperties) = preSolution
		HideSolutionNode = FALSE
	EndGlobalSection
	GlobalSection(ExtensibilityGlobals) = postSolution
		SolutionGuid = {243F338D-A25C-495E-B2A0-B92D2416DA23}
	EndGlobalSection
EndGlobal
