
Microsoft Visual Studio Solution File, Format Version 12.00
# Visual Studio Version 16
VisualStudioVersion = 16.0.31729.503
MinimumVisualStudioVersion = 10.0.40219.1
Project("{FAE04EC0-301F-11D3-BF4B-00C04F79EFBC}") = "ShippingApplication", "ShippingApplication.csproj", "{8E8B50A2-6E1E-4E66-B164-DD6CF43D8ED2}"
EndProject
Global
	GlobalSection(SolutionConfigurationPlatforms) = preSolution
		Debug|Any CPU = Debug|Any CPU
		Release|Any CPU = Release|Any CPU
	EndGlobalSection
	GlobalSection(ProjectConfigurationPlatforms) = postSolution
		{8E8B50A2-6E1E-4E66-B164-DD6CF43D8ED2}.Debug|Any CPU.ActiveCfg = Debug|Any CPU
		{8E8B50A2-6E1E-4E66-B164-DD6CF43D8ED2}.Debug|Any CPU.Build.0 = Debug|Any CPU
		{8E8B50A2-6E1E-4E66-B164-DD6CF43D8ED2}.Release|Any CPU.ActiveCfg = Release|Any CPU
		{8E8B50A2-6E1E-4E66-B164-DD6CF43D8ED2}.Release|Any CPU.Build.0 = Release|Any CPU
	EndGlobalSection
	GlobalSection(SolutionProperties) = preSolution
		HideSolutionNode = FALSE
	EndGlobalSection
	GlobalSection(ExtensibilityGlobals) = postSolution
		SolutionGuid = {302274B6-3065-4C92-8CF4-7A19A61A0FC0}
	EndGlobalSection
EndGlobal
