
Microsoft Visual Studio Solution File, Format Version 12.00
# Visual Studio Version 16
VisualStudioVersion = 16.0.31729.503
MinimumVisualStudioVersion = 10.0.40219.1
Project("{FAE04EC0-301F-11D3-BF4B-00C04F79EFBC}") = "Task one", "Task one.csproj", "{F39962F7-35DA-42B5-BEC5-A3BDFB210B0D}"
EndProject
Global
	GlobalSection(SolutionConfigurationPlatforms) = preSolution
		Debug|Any CPU = Debug|Any CPU
		Release|Any CPU = Release|Any CPU
	EndGlobalSection
	GlobalSection(ProjectConfigurationPlatforms) = postSolution
		{F39962F7-35DA-42B5-BEC5-A3BDFB210B0D}.Debug|Any CPU.ActiveCfg = Debug|Any CPU
		{F39962F7-35DA-42B5-BEC5-A3BDFB210B0D}.Debug|Any CPU.Build.0 = Debug|Any CPU
		{F39962F7-35DA-42B5-BEC5-A3BDFB210B0D}.Release|Any CPU.ActiveCfg = Release|Any CPU
		{F39962F7-35DA-42B5-BEC5-A3BDFB210B0D}.Release|Any CPU.Build.0 = Release|Any CPU
	EndGlobalSection
	GlobalSection(SolutionProperties) = preSolution
		HideSolutionNode = FALSE
	EndGlobalSection
	GlobalSection(ExtensibilityGlobals) = postSolution
		SolutionGuid = {6E813710-BF28-4A4E-AA4D-A6E7C5EABC82}
	EndGlobalSection
EndGlobal
