
Microsoft Visual Studio Solution File, Format Version 12.00
# Visual Studio Version 16
VisualStudioVersion = 16.0.29519.87
MinimumVisualStudioVersion = 10.0.40219.1
Project("{FAE04EC0-301F-11D3-BF4B-00C04F79EFBC}") = "CsharpFinalProject", "CsharpFinalProject\CsharpFinalProject.csproj", "{727F4943-E584-4873-BEB8-C54B4F55A8CC}"
EndProject
Global
	GlobalSection(SolutionConfigurationPlatforms) = preSolution
		Debug|Any CPU = Debug|Any CPU
		Release|Any CPU = Release|Any CPU
	EndGlobalSection
	GlobalSection(ProjectConfigurationPlatforms) = postSolution
		{727F4943-E584-4873-BEB8-C54B4F55A8CC}.Debug|Any CPU.ActiveCfg = Debug|Any CPU
		{727F4943-E584-4873-BEB8-C54B4F55A8CC}.Debug|Any CPU.Build.0 = Debug|Any CPU
		{727F4943-E584-4873-BEB8-C54B4F55A8CC}.Release|Any CPU.ActiveCfg = Release|Any CPU
		{727F4943-E584-4873-BEB8-C54B4F55A8CC}.Release|Any CPU.Build.0 = Release|Any CPU
	EndGlobalSection
	GlobalSection(SolutionProperties) = preSolution
		HideSolutionNode = FALSE
	EndGlobalSection
	GlobalSection(ExtensibilityGlobals) = postSolution
		SolutionGuid = {59C68B87-02CC-494F-8E8A-072EE4C9A770}
	EndGlobalSection
EndGlobal
