
Microsoft Visual Studio Solution File, Format Version 12.00
# Visual Studio Version 16
VisualStudioVersion = 16.0.31729.503
MinimumVisualStudioVersion = 10.0.40219.1
Project("{FAE04EC0-301F-11D3-BF4B-00C04F79EFBC}") = "ConsoleApp1", "ConsoleApp1.csproj", "{165640CF-CE9B-4C4B-B6BE-AB8F508CECFA}"
EndProject
Global
	GlobalSection(SolutionConfigurationPlatforms) = preSolution
		Debug|Any CPU = Debug|Any CPU
		Release|Any CPU = Release|Any CPU
	EndGlobalSection
	GlobalSection(ProjectConfigurationPlatforms) = postSolution
		{165640CF-CE9B-4C4B-B6BE-AB8F508CECFA}.Debug|Any CPU.ActiveCfg = Debug|Any CPU
		{165640CF-CE9B-4C4B-B6BE-AB8F508CECFA}.Debug|Any CPU.Build.0 = Debug|Any CPU
		{165640CF-CE9B-4C4B-B6BE-AB8F508CECFA}.Release|Any CPU.ActiveCfg = Release|Any CPU
		{165640CF-CE9B-4C4B-B6BE-AB8F508CECFA}.Release|Any CPU.Build.0 = Release|Any CPU
	EndGlobalSection
	GlobalSection(SolutionProperties) = preSolution
		HideSolutionNode = FALSE
	EndGlobalSection
	GlobalSection(ExtensibilityGlobals) = postSolution
		SolutionGuid = {5A4A2EF8-B20F-4F00-8EE7-E6EE565FA24F}
	EndGlobalSection
EndGlobal
