
Microsoft Visual Studio Solution File, Format Version 12.00
# Visual Studio Version 16
VisualStudioVersion = 16.0.31729.503
MinimumVisualStudioVersion = 10.0.40219.1
Project("{FAE04EC0-301F-11D3-BF4B-00C04F79EFBC}") = "method4", "method4.csproj", "{7EDF3467-97D0-4461-97CE-CF621705258D}"
EndProject
Global
	GlobalSection(SolutionConfigurationPlatforms) = preSolution
		Debug|Any CPU = Debug|Any CPU
		Release|Any CPU = Release|Any CPU
	EndGlobalSection
	GlobalSection(ProjectConfigurationPlatforms) = postSolution
		{7EDF3467-97D0-4461-97CE-CF621705258D}.Debug|Any CPU.ActiveCfg = Debug|Any CPU
		{7EDF3467-97D0-4461-97CE-CF621705258D}.Debug|Any CPU.Build.0 = Debug|Any CPU
		{7EDF3467-97D0-4461-97CE-CF621705258D}.Release|Any CPU.ActiveCfg = Release|Any CPU
		{7EDF3467-97D0-4461-97CE-CF621705258D}.Release|Any CPU.Build.0 = Release|Any CPU
	EndGlobalSection
	GlobalSection(SolutionProperties) = preSolution
		HideSolutionNode = FALSE
	EndGlobalSection
	GlobalSection(ExtensibilityGlobals) = postSolution
		SolutionGuid = {724E4405-D2B5-4886-AF34-26D8A95FA55D}
	EndGlobalSection
EndGlobal
