
Microsoft Visual Studio Solution File, Format Version 12.00
# Visual Studio Version 16
VisualStudioVersion = 16.0.31729.503
MinimumVisualStudioVersion = 10.0.40219.1
Project("{FAE04EC0-301F-11D3-BF4B-00C04F79EFBC}") = "DateandTime", "DateandTime.csproj", "{70304404-5D30-425F-9147-960346C9109C}"
EndProject
Global
	GlobalSection(SolutionConfigurationPlatforms) = preSolution
		Debug|Any CPU = Debug|Any CPU
		Release|Any CPU = Release|Any CPU
	EndGlobalSection
	GlobalSection(ProjectConfigurationPlatforms) = postSolution
		{70304404-5D30-425F-9147-960346C9109C}.Debug|Any CPU.ActiveCfg = Debug|Any CPU
		{70304404-5D30-425F-9147-960346C9109C}.Debug|Any CPU.Build.0 = Debug|Any CPU
		{70304404-5D30-425F-9147-960346C9109C}.Release|Any CPU.ActiveCfg = Release|Any CPU
		{70304404-5D30-425F-9147-960346C9109C}.Release|Any CPU.Build.0 = Release|Any CPU
	EndGlobalSection
	GlobalSection(SolutionProperties) = preSolution
		HideSolutionNode = FALSE
	EndGlobalSection
	GlobalSection(ExtensibilityGlobals) = postSolution
		SolutionGuid = {8A72031E-516F-4A2D-9BFB-B710E00CE1D1}
	EndGlobalSection
EndGlobal
