
Microsoft Visual Studio Solution File, Format Version 12.00
# Visual Studio Version 16
VisualStudioVersion = 16.0.31729.503
MinimumVisualStudioVersion = 10.0.40219.1
Project("{FAE04EC0-301F-11D3-BF4B-00C04F79EFBC}") = "Lambda", "Lambda.csproj", "{C9897838-B342-4F47-AC53-B65A23551D02}"
EndProject
Global
	GlobalSection(SolutionConfigurationPlatforms) = preSolution
		Debug|Any CPU = Debug|Any CPU
		Release|Any CPU = Release|Any CPU
	EndGlobalSection
	GlobalSection(ProjectConfigurationPlatforms) = postSolution
		{C9897838-B342-4F47-AC53-B65A23551D02}.Debug|Any CPU.ActiveCfg = Debug|Any CPU
		{C9897838-B342-4F47-AC53-B65A23551D02}.Debug|Any CPU.Build.0 = Debug|Any CPU
		{C9897838-B342-4F47-AC53-B65A23551D02}.Release|Any CPU.ActiveCfg = Release|Any CPU
		{C9897838-B342-4F47-AC53-B65A23551D02}.Release|Any CPU.Build.0 = Release|Any CPU
	EndGlobalSection
	GlobalSection(SolutionProperties) = preSolution
		HideSolutionNode = FALSE
	EndGlobalSection
	GlobalSection(ExtensibilityGlobals) = postSolution
		SolutionGuid = {BE712EDF-FD09-4FA3-BABD-7D8005A69BCD}
	EndGlobalSection
EndGlobal
